
Microsoft Visual Studio Solution File, Format Version 12.00
# Visual Studio Version 17
VisualStudioVersion = 17.14.36119.2 d17.14
MinimumVisualStudioVersion = 10.0.40219.1
Project("{FAE04EC0-301F-11D3-BF4B-00C04F79EFBC}") = "NumberForAdd.Models", "NumberForAdd.Models\NumberForAdd.Models.csproj", "{5CEB23DB-32FC-433B-8C67-03526C13CD18}"
EndProject
Project("{FAE04EC0-301F-11D3-BF4B-00C04F79EFBC}") = "Addition.Managers", "Addition.Managers\Addition.Managers.csproj", "{D8153003-7BE1-440C-B9C1-4339A2920DF3}"
EndProject
Project("{FAE04EC0-301F-11D3-BF4B-00C04F79EFBC}") = "Addition.Console", "Addition.Console\Addition.Console.csproj", "{04E82F88-D6BE-4444-9D65-F9ED0E7A0260}"
EndProject
Global
	GlobalSection(SolutionConfigurationPlatforms) = preSolution
		Debug|Any CPU = Debug|Any CPU
		Release|Any CPU = Release|Any CPU
	EndGlobalSection
	GlobalSection(ProjectConfigurationPlatforms) = postSolution
		{5CEB23DB-32FC-433B-8C67-03526C13CD18}.Debug|Any CPU.ActiveCfg = Debug|Any CPU
		{5CEB23DB-32FC-433B-8C67-03526C13CD18}.Debug|Any CPU.Build.0 = Debug|Any CPU
		{5CEB23DB-32FC-433B-8C67-03526C13CD18}.Release|Any CPU.ActiveCfg = Release|Any CPU
		{5CEB23DB-32FC-433B-8C67-03526C13CD18}.Release|Any CPU.Build.0 = Release|Any CPU
		{D8153003-7BE1-440C-B9C1-4339A2920DF3}.Debug|Any CPU.ActiveCfg = Debug|Any CPU
		{D8153003-7BE1-440C-B9C1-4339A2920DF3}.Debug|Any CPU.Build.0 = Debug|Any CPU
		{D8153003-7BE1-440C-B9C1-4339A2920DF3}.Release|Any CPU.ActiveCfg = Release|Any CPU
		{D8153003-7BE1-440C-B9C1-4339A2920DF3}.Release|Any CPU.Build.0 = Release|Any CPU
		{04E82F88-D6BE-4444-9D65-F9ED0E7A0260}.Debug|Any CPU.ActiveCfg = Debug|Any CPU
		{04E82F88-D6BE-4444-9D65-F9ED0E7A0260}.Debug|Any CPU.Build.0 = Debug|Any CPU
		{04E82F88-D6BE-4444-9D65-F9ED0E7A0260}.Release|Any CPU.ActiveCfg = Release|Any CPU
		{04E82F88-D6BE-4444-9D65-F9ED0E7A0260}.Release|Any CPU.Build.0 = Release|Any CPU
	EndGlobalSection
	GlobalSection(SolutionProperties) = preSolution
		HideSolutionNode = FALSE
	EndGlobalSection
	GlobalSection(ExtensibilityGlobals) = postSolution
		SolutionGuid = {348672EB-3FAA-4CE2-9C8B-189AE1C399E6}
	EndGlobalSection
EndGlobal
